dependencies:
- name: external-secrets
  repository: file://../_dependencies/external-secrets
  version: 1.0.0
- name: victoria-metrics-k8s-stack
  repository: https://victoriametrics.github.io/helm-charts/
  version: 0.18.11
- name: grafana
  repository: https://grafana.github.io/helm-charts
  version: 7.0.19
digest: sha256:aa2e648b3a329e23466e796d1c93599ff9fd6d30e79ae19cfc6eefd0d9f00943
generated: "2023-12-31T08:34:49.696228089+01:00"
