dependencies:
- name: nextcloud
  repository: https://nextcloud.github.io/helm/
  version: 3.5.7
- name: collabora-code
  repository: https://chrisingenhaag.github.io/helm
  version: 2.5.1
digest: sha256:6e0bd40cdf6446684aa8ed382ff9e0564a8995ba7b7fc6d58c5df970ebec3b6d
generated: "2023-04-12T01:11:22.026246862+02:00"
