dependencies:
- name: cert-manager
  repository: https://charts.jetstack.io
  version: v1.10.0
- name: cert-manager-webhook-ovh
  repository: https://aureq.github.io/cert-manager-webhook-ovh/
  version: v0.4.0
digest: sha256:7ced7278a78a2473e5977eaa84f1f20317caead304d2051849ced48652ba3dfb
generated: "2022-10-23T03:04:53.529054752+02:00"
