dependencies:
- name: cert-manager
  repository: https://charts.jetstack.io
  version: v1.10.0
- name: cert-manager-webhook-ovh
  repository: https://aureq.github.io/cert-manager-webhook-ovh/
  version: v0.4.0
digest: sha256:b7b570a13271386202c42d4afd99275d925aa2897d134bc01f18b76a8d00c59f
generated: "2022-10-25T15:59:06.260174272+02:00"
